
Microsoft Visual Studio Solution File, Format Version 12.00
# Visual Studio 15
VisualStudioVersion = 15.0.26403.0
MinimumVisualStudioVersion = 10.0.40219.1
Project("{FAE04EC0-301F-11D3-BF4B-00C04F79EFBC}") = "Win32Message", "Win32Message\Win32Message.csproj", "{3605F726-CBEE-4003-9EFD-7A52E02DF9FC}"
EndProject
Project("{FAE04EC0-301F-11D3-BF4B-00C04F79EFBC}") = "Win32MeesageChild", "Win32MeesageChild\Win32MeesageChild.csproj", "{B459C317-E19F-458A-AE66-1A036FCA31A1}"
EndProject
Project("{FAE04EC0-301F-11D3-BF4B-00C04F79EFBC}") = "Win32HwndMessage", "Win32HwndMessage\Win32HwndMessage.csproj", "{B40A7111-A5E2-4E84-8D59-5A6D430984E7}"
EndProject
Global
	GlobalSection(SolutionConfigurationPlatforms) = preSolution
		Debug|Any CPU = Debug|Any CPU
		Release|Any CPU = Release|Any CPU
	EndGlobalSection
	GlobalSection(ProjectConfigurationPlatforms) = postSolution
		{3605F726-CBEE-4003-9EFD-7A52E02DF9FC}.Debug|Any CPU.ActiveCfg = Debug|Any CPU
		{3605F726-CBEE-4003-9EFD-7A52E02DF9FC}.Debug|Any CPU.Build.0 = Debug|Any CPU
		{3605F726-CBEE-4003-9EFD-7A52E02DF9FC}.Release|Any CPU.ActiveCfg = Release|Any CPU
		{3605F726-CBEE-4003-9EFD-7A52E02DF9FC}.Release|Any CPU.Build.0 = Release|Any CPU
		{B459C317-E19F-458A-AE66-1A036FCA31A1}.Debug|Any CPU.ActiveCfg = Debug|Any CPU
		{B459C317-E19F-458A-AE66-1A036FCA31A1}.Debug|Any CPU.Build.0 = Debug|Any CPU
		{B459C317-E19F-458A-AE66-1A036FCA31A1}.Release|Any CPU.ActiveCfg = Release|Any CPU
		{B459C317-E19F-458A-AE66-1A036FCA31A1}.Release|Any CPU.Build.0 = Release|Any CPU
		{B40A7111-A5E2-4E84-8D59-5A6D430984E7}.Debug|Any CPU.ActiveCfg = Debug|Any CPU
		{B40A7111-A5E2-4E84-8D59-5A6D430984E7}.Debug|Any CPU.Build.0 = Debug|Any CPU
		{B40A7111-A5E2-4E84-8D59-5A6D430984E7}.Release|Any CPU.ActiveCfg = Release|Any CPU
		{B40A7111-A5E2-4E84-8D59-5A6D430984E7}.Release|Any CPU.Build.0 = Release|Any CPU
	EndGlobalSection
	GlobalSection(SolutionProperties) = preSolution
		HideSolutionNode = FALSE
	EndGlobalSection
EndGlobal
